
Microsoft Visual Studio Solution File, Format Version 12.00
# Visual Studio Version 17
VisualStudioVersion = 17.0.32014.148
MinimumVisualStudioVersion = 10.0.40219.1
Project("{FAE04EC0-301F-11D3-BF4B-00C04F79EFBC}") = "TaskSeven", "TaskSeven\TaskSeven.csproj", "{7CEF8F66-DB62-4CDC-9C49-DC9DE69D24EF}"
EndProject
Global
	GlobalSection(SolutionConfigurationPlatforms) = preSolution
		Debug|Any CPU = Debug|Any CPU
		Release|Any CPU = Release|Any CPU
	EndGlobalSection
	GlobalSection(ProjectConfigurationPlatforms) = postSolution
		{7CEF8F66-DB62-4CDC-9C49-DC9DE69D24EF}.Debug|Any CPU.ActiveCfg = Debug|Any CPU
		{7CEF8F66-DB62-4CDC-9C49-DC9DE69D24EF}.Debug|Any CPU.Build.0 = Debug|Any CPU
		{7CEF8F66-DB62-4CDC-9C49-DC9DE69D24EF}.Release|Any CPU.ActiveCfg = Release|Any CPU
		{7CEF8F66-DB62-4CDC-9C49-DC9DE69D24EF}.Release|Any CPU.Build.0 = Release|Any CPU
	EndGlobalSection
	GlobalSection(SolutionProperties) = preSolution
		HideSolutionNode = FALSE
	EndGlobalSection
	GlobalSection(ExtensibilityGlobals) = postSolution
		SolutionGuid = {BD281FDD-ACE0-4211-A25A-4EC40069C509}
	EndGlobalSection
EndGlobal
