
Microsoft Visual Studio Solution File, Format Version 12.00
# Visual Studio Version 17
VisualStudioVersion = 17.0.32014.148
MinimumVisualStudioVersion = 10.0.40219.1
Project("{FAE04EC0-301F-11D3-BF4B-00C04F79EFBC}") = "TaskFive", "TaskFive\TaskFive.csproj", "{1CEF601F-7E7B-4DFF-BD8B-8CAD963CC9CE}"
EndProject
Global
	GlobalSection(SolutionConfigurationPlatforms) = preSolution
		Debug|Any CPU = Debug|Any CPU
		Release|Any CPU = Release|Any CPU
	EndGlobalSection
	GlobalSection(ProjectConfigurationPlatforms) = postSolution
		{1CEF601F-7E7B-4DFF-BD8B-8CAD963CC9CE}.Debug|Any CPU.ActiveCfg = Debug|Any CPU
		{1CEF601F-7E7B-4DFF-BD8B-8CAD963CC9CE}.Debug|Any CPU.Build.0 = Debug|Any CPU
		{1CEF601F-7E7B-4DFF-BD8B-8CAD963CC9CE}.Release|Any CPU.ActiveCfg = Release|Any CPU
		{1CEF601F-7E7B-4DFF-BD8B-8CAD963CC9CE}.Release|Any CPU.Build.0 = Release|Any CPU
	EndGlobalSection
	GlobalSection(SolutionProperties) = preSolution
		HideSolutionNode = FALSE
	EndGlobalSection
	GlobalSection(ExtensibilityGlobals) = postSolution
		SolutionGuid = {4083D7D1-19CB-4470-849B-9AF2046BBA93}
	EndGlobalSection
EndGlobal
