
Microsoft Visual Studio Solution File, Format Version 12.00
# Visual Studio Version 17
VisualStudioVersion = 17.0.32014.148
MinimumVisualStudioVersion = 10.0.40219.1
Project("{FAE04EC0-301F-11D3-BF4B-00C04F79EFBC}") = "TaskTwo", "TaskTwo\TaskTwo.csproj", "{5E33A799-8553-49FE-8062-652CDE64D507}"
EndProject
Global
	GlobalSection(SolutionConfigurationPlatforms) = preSolution
		Debug|Any CPU = Debug|Any CPU
		Release|Any CPU = Release|Any CPU
	EndGlobalSection
	GlobalSection(ProjectConfigurationPlatforms) = postSolution
		{5E33A799-8553-49FE-8062-652CDE64D507}.Debug|Any CPU.ActiveCfg = Debug|Any CPU
		{5E33A799-8553-49FE-8062-652CDE64D507}.Debug|Any CPU.Build.0 = Debug|Any CPU
		{5E33A799-8553-49FE-8062-652CDE64D507}.Release|Any CPU.ActiveCfg = Release|Any CPU
		{5E33A799-8553-49FE-8062-652CDE64D507}.Release|Any CPU.Build.0 = Release|Any CPU
	EndGlobalSection
	GlobalSection(SolutionProperties) = preSolution
		HideSolutionNode = FALSE
	EndGlobalSection
	GlobalSection(ExtensibilityGlobals) = postSolution
		SolutionGuid = {67A15881-DFBA-499A-B299-EE77F4124C75}
	EndGlobalSection
EndGlobal
