
Microsoft Visual Studio Solution File, Format Version 12.00
# Visual Studio Version 17
VisualStudioVersion = 17.0.32014.148
MinimumVisualStudioVersion = 10.0.40219.1
Project("{FAE04EC0-301F-11D3-BF4B-00C04F79EFBC}") = "TaskEight", "TaskEight\TaskEight.csproj", "{685A6CA5-4EBB-40AB-BA4F-F4BF9BE93701}"
EndProject
Global
	GlobalSection(SolutionConfigurationPlatforms) = preSolution
		Debug|Any CPU = Debug|Any CPU
		Release|Any CPU = Release|Any CPU
	EndGlobalSection
	GlobalSection(ProjectConfigurationPlatforms) = postSolution
		{685A6CA5-4EBB-40AB-BA4F-F4BF9BE93701}.Debug|Any CPU.ActiveCfg = Debug|Any CPU
		{685A6CA5-4EBB-40AB-BA4F-F4BF9BE93701}.Debug|Any CPU.Build.0 = Debug|Any CPU
		{685A6CA5-4EBB-40AB-BA4F-F4BF9BE93701}.Release|Any CPU.ActiveCfg = Release|Any CPU
		{685A6CA5-4EBB-40AB-BA4F-F4BF9BE93701}.Release|Any CPU.Build.0 = Release|Any CPU
	EndGlobalSection
	GlobalSection(SolutionProperties) = preSolution
		HideSolutionNode = FALSE
	EndGlobalSection
	GlobalSection(ExtensibilityGlobals) = postSolution
		SolutionGuid = {1CADDAC1-0148-44DF-B330-E217A52ACD7C}
	EndGlobalSection
EndGlobal
