
Microsoft Visual Studio Solution File, Format Version 12.00
# Visual Studio Version 17
VisualStudioVersion = 17.0.32014.148
MinimumVisualStudioVersion = 10.0.40219.1
Project("{FAE04EC0-301F-11D3-BF4B-00C04F79EFBC}") = "TaskOne", "TaskOne\TaskOne.csproj", "{26066EAD-35D1-4DA2-8828-060E7A2DC9ED}"
EndProject
Global
	GlobalSection(SolutionConfigurationPlatforms) = preSolution
		Debug|Any CPU = Debug|Any CPU
		Release|Any CPU = Release|Any CPU
	EndGlobalSection
	GlobalSection(ProjectConfigurationPlatforms) = postSolution
		{26066EAD-35D1-4DA2-8828-060E7A2DC9ED}.Debug|Any CPU.ActiveCfg = Debug|Any CPU
		{26066EAD-35D1-4DA2-8828-060E7A2DC9ED}.Debug|Any CPU.Build.0 = Debug|Any CPU
		{26066EAD-35D1-4DA2-8828-060E7A2DC9ED}.Release|Any CPU.ActiveCfg = Release|Any CPU
		{26066EAD-35D1-4DA2-8828-060E7A2DC9ED}.Release|Any CPU.Build.0 = Release|Any CPU
	EndGlobalSection
	GlobalSection(SolutionProperties) = preSolution
		HideSolutionNode = FALSE
	EndGlobalSection
	GlobalSection(ExtensibilityGlobals) = postSolution
		SolutionGuid = {15AF3A6B-14EA-4695-8D38-0CAD6042EB29}
	EndGlobalSection
EndGlobal
